// !$*UTF8*$!
{
	archiveVersion = 1;
	classes = {
	};
	objectVersion = 39;
	objects = {
		7DD29A3508C5DFA1004F7ACA = {
			children = (
				7DD29A4C08C5DFF7004F7ACA,
				7DD29A4E08C5DFF7004F7ACA,
				7DD29A4F08C5DFF7004F7ACA,
				7DD29A5008C5DFF7004F7ACA,
				7DD29A5108C5DFF7004F7ACA,
				7DD29A5208C5DFF7004F7ACA,
				7DD29A5308C5DFF7004F7ACA,
				7DD29A5408C5DFF7004F7ACA,
				7DD29A5508C5DFF7004F7ACA,
				7DD29A5708C5DFF7004F7ACA,
				7DD29A5808C5DFF7004F7ACA,
				7DD29A6608C5E01B004F7ACA,
				7DD29A6808C5E02C004F7ACA,
				7DD29A4A08C5DFE5004F7ACA,
				7DD29A4808C5DFDA004F7ACA,
				7DD29A4608C5DFD1004F7ACA,
				7DD29A4408C5DFC4004F7ACA,
			);
			isa = PBXGroup;
			refType = 4;
			sourceTree = "<group>";
		};
		7DD29A3708C5DFA1004F7ACA = {
			buildSettings = {
				COPY_PHASE_STRIP = NO;
			};
			isa = PBXBuildStyle;
			name = Development;
		};
		7DD29A3808C5DFA1004F7ACA = {
			buildSettings = {
				COPY_PHASE_STRIP = YES;
			};
			isa = PBXBuildStyle;
			name = Deployment;
		};
		7DD29A3908C5DFA1004F7ACA = {
			buildSettings = {
			};
			buildStyles = (
				7DD29A3708C5DFA1004F7ACA,
				7DD29A3808C5DFA1004F7ACA,
			);
			hasScannedForEncodings = 0;
			isa = PBXProject;
			mainGroup = 7DD29A3508C5DFA1004F7ACA;
			productRefGroup = 7DD29A4408C5DFC4004F7ACA;
			projectDirPath = "";
			targets = (
				7DD29A4208C5DFC4004F7ACA,
			);
		};
		7DD29A3D08C5DFC4004F7ACA = {
			buildActionMask = 2147483647;
			files = (
				7DD29A5C08C5DFF7004F7ACA,
				7DD29A5E08C5DFF7004F7ACA,
				7DD29A6008C5DFF7004F7ACA,
				7DD29A6208C5DFF7004F7ACA,
				7DD29A6508C5DFF7004F7ACA,
			);
			isa = PBXHeadersBuildPhase;
			runOnlyForDeploymentPostprocessing = 0;
		};
		7DD29A3E08C5DFC4004F7ACA = {
			buildActionMask = 2147483647;
			files = (
				7DD29A6708C5E01B004F7ACA,
				7DD29A6908C5E02C004F7ACA,
			);
			isa = PBXResourcesBuildPhase;
			runOnlyForDeploymentPostprocessing = 0;
		};
		7DD29A3F08C5DFC4004F7ACA = {
			buildActionMask = 2147483647;
			files = (
				7DD29A5908C5DFF7004F7ACA,
				7DD29A5B08C5DFF7004F7ACA,
				7DD29A5D08C5DFF7004F7ACA,
				7DD29A5F08C5DFF7004F7ACA,
				7DD29A6108C5DFF7004F7ACA,
				7DD29A6408C5DFF7004F7ACA,
			);
			isa = PBXSourcesBuildPhase;
			runOnlyForDeploymentPostprocessing = 0;
		};
		7DD29A4008C5DFC4004F7ACA = {
			buildActionMask = 2147483647;
			files = (
				7DD29A4708C5DFD1004F7ACA,
				7DD29A4908C5DFDA004F7ACA,
				7DD29A4B08C5DFE5004F7ACA,
			);
			isa = PBXFrameworksBuildPhase;
			runOnlyForDeploymentPostprocessing = 0;
		};
		7DD29A4108C5DFC4004F7ACA = {
			buildActionMask = 2147483647;
			files = (
			);
			isa = PBXRezBuildPhase;
			runOnlyForDeploymentPostprocessing = 0;
		};
		7DD29A4208C5DFC4004F7ACA = {
			buildPhases = (
				7DD29A3D08C5DFC4004F7ACA,
				7DD29A3E08C5DFC4004F7ACA,
				7DD29A3F08C5DFC4004F7ACA,
				7DD29A4008C5DFC4004F7ACA,
				7DD29A4108C5DFC4004F7ACA,
			);
			buildSettings = {
				OTHER_CFLAGS = "";
				OTHER_LDFLAGS = "";
				OTHER_REZFLAGS = "";
				PRODUCT_NAME = texture20;
				SECTORDER_FLAGS = "";
				WARNING_CFLAGS = "-Wmost -Wno-four-char-constants -Wno-unknown-pragmas";
				WRAPPER_EXTENSION = app;
			};
			dependencies = (
			);
			isa = PBXApplicationTarget;
			name = texture20;
			productInstallPath = "$(USER_APPS_DIR)";
			productName = texture20;
			productReference = 7DD29A4308C5DFC4004F7ACA;
			productSettingsXML = "<?xml version=\"1.0\" encoding=\"UTF-8\"?>
<!DOCTYPE plist PUBLIC \"-//Apple Computer//DTD PLIST 1.0//EN\" \"http://www.apple.com/DTDs/PropertyList-1.0.dtd\">
<plist version=\"1.0\">
<dict>
	<key>CFBundleDevelopmentRegion</key>
	<string>English</string>
	<key>CFBundleExecutable</key>
	<string></string>
	<key>CFBundleGetInfoString</key>
	<string></string>
	<key>CFBundleIconFile</key>
	<string></string>
	<key>CFBundleIdentifier</key>
	<string></string>
	<key>CFBundleInfoDictionaryVersion</key>
	<string>6.0</string>
	<key>CFBundleName</key>
	<string></string>
	<key>CFBundlePackageType</key>
	<string>APPL</string>
	<key>CFBundleShortVersionString</key>
	<string></string>
	<key>CFBundleSignature</key>
	<string>????</string>
	<key>CFBundleVersion</key>
	<string>0.0.1d1</string>
</dict>
</plist>
";
		};
		7DD29A4308C5DFC4004F7ACA = {
			explicitFileType = wrapper.application;
			includeInIndex = 0;
			isa = PBXFileReference;
			path = texture20.app;
			refType = 3;
			sourceTree = BUILT_PRODUCTS_DIR;
		};
		7DD29A4408C5DFC4004F7ACA = {
			children = (
				7DD29A4308C5DFC4004F7ACA,
			);
			isa = PBXGroup;
			name = Products;
			refType = 4;
			sourceTree = "<group>";
		};
		7DD29A4608C5DFD1004F7ACA = {
			isa = PBXFileReference;
			lastKnownFileType = wrapper.framework;
			name = GLUT.framework;
			path = /System/Library/Frameworks/GLUT.framework;
			refType = 0;
			sourceTree = "<absolute>";
		};
		7DD29A4708C5DFD1004F7ACA = {
			fileRef = 7DD29A4608C5DFD1004F7ACA;
			isa = PBXBuildFile;
			settings = {
			};
		};
		7DD29A4808C5DFDA004F7ACA = {
			isa = PBXFileReference;
			lastKnownFileType = wrapper.framework;
			name = OpenGL.framework;
			path = /System/Library/Frameworks/OpenGL.framework;
			refType = 0;
			sourceTree = "<absolute>";
		};
		7DD29A4908C5DFDA004F7ACA = {
			fileRef = 7DD29A4808C5DFDA004F7ACA;
			isa = PBXBuildFile;
			settings = {
			};
		};
		7DD29A4A08C5DFE5004F7ACA = {
			isa = PBXFileReference;
			lastKnownFileType = wrapper.framework;
			name = Foundation.framework;
			path = /System/Library/Frameworks/Foundation.framework;
			refType = 0;
			sourceTree = "<absolute>";
		};
		7DD29A4B08C5DFE5004F7ACA = {
			fileRef = 7DD29A4A08C5DFE5004F7ACA;
			isa = PBXBuildFile;
			settings = {
			};
		};
		7DD29A4C08C5DFF7004F7ACA = {
			fileEncoding = "-2147483647";
			isa = PBXFileReference;
			lastKnownFileType = sourcecode.cpp.cpp;
			path = main.cpp;
			refType = 4;
			sourceTree = "<group>";
		};
		7DD29A4E08C5DFF7004F7ACA = {
			fileEncoding = "-2147483647";
			isa = PBXFileReference;
			lastKnownFileType = sourcecode.cpp.cpp;
			path = matrix.cpp;
			refType = 4;
			sourceTree = "<group>";
		};
		7DD29A4F08C5DFF7004F7ACA = {
			fileEncoding = "-2147483647";
			isa = PBXFileReference;
			lastKnownFileType = sourcecode.c.h;
			path = matrix.h;
			refType = 4;
			sourceTree = "<group>";
		};
		7DD29A5008C5DFF7004F7ACA = {
			fileEncoding = "-2147483647";
			isa = PBXFileReference;
			lastKnownFileType = sourcecode.cpp.cpp;
			path = normalizemap.cpp;
			refType = 4;
			sourceTree = "<group>";
		};
		7DD29A5108C5DFF7004F7ACA = {
			fileEncoding = "-2147483647";
			isa = PBXFileReference;
			lastKnownFileType = sourcecode.c.h;
			path = normalizemap.h;
			refType = 4;
			sourceTree = "<group>";
		};
		7DD29A5208C5DFF7004F7ACA = {
			fileEncoding = "-2147483647";
			isa = PBXFileReference;
			lastKnownFileType = sourcecode.cpp.cpp;
			path = normalmap.cpp;
			refType = 4;
			sourceTree = "<group>";
		};
		7DD29A5308C5DFF7004F7ACA = {
			fileEncoding = "-2147483647";
			isa = PBXFileReference;
			lastKnownFileType = sourcecode.c.h;
			path = normalmap.h;
			refType = 4;
			sourceTree = "<group>";
		};
		7DD29A5408C5DFF7004F7ACA = {
			fileEncoding = "-2147483647";
			isa = PBXFileReference;
			lastKnownFileType = sourcecode.cpp.cpp;
			path = rectangle.cpp;
			refType = 4;
			sourceTree = "<group>";
		};
		7DD29A5508C5DFF7004F7ACA = {
			fileEncoding = "-2147483647";
			isa = PBXFileReference;
			lastKnownFileType = sourcecode.c.h;
			path = rectangle.h;
			refType = 4;
			sourceTree = "<group>";
		};
		7DD29A5708C5DFF7004F7ACA = {
			fileEncoding = "-2147483647";
			isa = PBXFileReference;
			lastKnownFileType = sourcecode.cpp.cpp;
			path = trackball.cpp;
			refType = 4;
			sourceTree = "<group>";
		};
		7DD29A5808C5DFF7004F7ACA = {
			fileEncoding = "-2147483647";
			isa = PBXFileReference;
			lastKnownFileType = sourcecode.c.h;
			path = trackball.h;
			refType = 4;
			sourceTree = "<group>";
		};
		7DD29A5908C5DFF7004F7ACA = {
			fileRef = 7DD29A4C08C5DFF7004F7ACA;
			isa = PBXBuildFile;
			settings = {
			};
		};
		7DD29A5B08C5DFF7004F7ACA = {
			fileRef = 7DD29A4E08C5DFF7004F7ACA;
			isa = PBXBuildFile;
			settings = {
			};
		};
		7DD29A5C08C5DFF7004F7ACA = {
			fileRef = 7DD29A4F08C5DFF7004F7ACA;
			isa = PBXBuildFile;
			settings = {
			};
		};
		7DD29A5D08C5DFF7004F7ACA = {
			fileRef = 7DD29A5008C5DFF7004F7ACA;
			isa = PBXBuildFile;
			settings = {
			};
		};
		7DD29A5E08C5DFF7004F7ACA = {
			fileRef = 7DD29A5108C5DFF7004F7ACA;
			isa = PBXBuildFile;
			settings = {
			};
		};
		7DD29A5F08C5DFF7004F7ACA = {
			fileRef = 7DD29A5208C5DFF7004F7ACA;
			isa = PBXBuildFile;
			settings = {
			};
		};
		7DD29A6008C5DFF7004F7ACA = {
			fileRef = 7DD29A5308C5DFF7004F7ACA;
			isa = PBXBuildFile;
			settings = {
			};
		};
		7DD29A6108C5DFF7004F7ACA = {
			fileRef = 7DD29A5408C5DFF7004F7ACA;
			isa = PBXBuildFile;
			settings = {
			};
		};
		7DD29A6208C5DFF7004F7ACA = {
			fileRef = 7DD29A5508C5DFF7004F7ACA;
			isa = PBXBuildFile;
			settings = {
			};
		};
		7DD29A6408C5DFF7004F7ACA = {
			fileRef = 7DD29A5708C5DFF7004F7ACA;
			isa = PBXBuildFile;
			settings = {
			};
		};
		7DD29A6508C5DFF7004F7ACA = {
			fileRef = 7DD29A5808C5DFF7004F7ACA;
			isa = PBXBuildFile;
			settings = {
			};
		};
		7DD29A6608C5E01B004F7ACA = {
			fileEncoding = "-2147483647";
			isa = PBXFileReference;
			lastKnownFileType = text;
			path = dot.raw;
			refType = 4;
			sourceTree = "<group>";
		};
		7DD29A6708C5E01B004F7ACA = {
			fileRef = 7DD29A6608C5E01B004F7ACA;
			isa = PBXBuildFile;
			settings = {
			};
		};
		7DD29A6808C5E02C004F7ACA = {
			fileEncoding = "-2147483647";
			isa = PBXFileReference;
			lastKnownFileType = text;
			path = dotbump.raw;
			refType = 4;
			sourceTree = "<group>";
		};
		7DD29A6908C5E02C004F7ACA = {
			fileRef = 7DD29A6808C5E02C004F7ACA;
			isa = PBXBuildFile;
			settings = {
			};
		};
	};
	rootObject = 7DD29A3908C5DFA1004F7ACA;
}
